
Microsoft Visual Studio Solution File, Format Version 12.00
# Visual Studio 15
Project("{FAE04EC0-301F-11D3-BF4B-00C04F79EFBC}") = "Assembly-CSharp", "Assembly-CSharp.csproj", "{0284FD69-42FE-C9AD-BD90-D5E2820665A7}"
EndProject
Project("{FAE04EC0-301F-11D3-BF4B-00C04F79EFBC}") = "Assembly-CSharp-firstpass", "Assembly-CSharp-firstpass.csproj", "{5266BF17-A79B-4CC7-CE4E-C70DE8576712}"
EndProject
Project("{FAE04EC0-301F-11D3-BF4B-00C04F79EFBC}") = "Assembly-CSharp-Editor", "Assembly-CSharp-Editor.csproj", "{1E8CD090-2031-E321-BCD8-924F4B630DE3}"
EndProject
Project("{FAE04EC0-301F-11D3-BF4B-00C04F79EFBC}") = "Assembly-CSharp-Editor-firstpass", "Assembly-CSharp-Editor-firstpass.csproj", "{E5964442-6FFA-FB8A-68F7-F88066D757BE}"
EndProject
Global
	GlobalSection(SolutionConfigurationPlatforms) = preSolution
		Debug|Any CPU = Debug|Any CPU
		Release|Any CPU = Release|Any CPU
	EndGlobalSection
	GlobalSection(ProjectConfigurationPlatforms) = postSolution
		{0284FD69-42FE-C9AD-BD90-D5E2820665A7}.Debug|Any CPU.ActiveCfg = Debug|Any CPU
		{0284FD69-42FE-C9AD-BD90-D5E2820665A7}.Debug|Any CPU.Build.0 = Debug|Any CPU
		{0284FD69-42FE-C9AD-BD90-D5E2820665A7}.Release|Any CPU.ActiveCfg = Release|Any CPU
		{0284FD69-42FE-C9AD-BD90-D5E2820665A7}.Release|Any CPU.Build.0 = Release|Any CPU
		{5266BF17-A79B-4CC7-CE4E-C70DE8576712}.Debug|Any CPU.ActiveCfg = Debug|Any CPU
		{5266BF17-A79B-4CC7-CE4E-C70DE8576712}.Debug|Any CPU.Build.0 = Debug|Any CPU
		{5266BF17-A79B-4CC7-CE4E-C70DE8576712}.Release|Any CPU.ActiveCfg = Release|Any CPU
		{5266BF17-A79B-4CC7-CE4E-C70DE8576712}.Release|Any CPU.Build.0 = Release|Any CPU
		{1E8CD090-2031-E321-BCD8-924F4B630DE3}.Debug|Any CPU.ActiveCfg = Debug|Any CPU
		{1E8CD090-2031-E321-BCD8-924F4B630DE3}.Debug|Any CPU.Build.0 = Debug|Any CPU
		{1E8CD090-2031-E321-BCD8-924F4B630DE3}.Release|Any CPU.ActiveCfg = Release|Any CPU
		{1E8CD090-2031-E321-BCD8-924F4B630DE3}.Release|Any CPU.Build.0 = Release|Any CPU
		{E5964442-6FFA-FB8A-68F7-F88066D757BE}.Debug|Any CPU.ActiveCfg = Debug|Any CPU
		{E5964442-6FFA-FB8A-68F7-F88066D757BE}.Debug|Any CPU.Build.0 = Debug|Any CPU
		{E5964442-6FFA-FB8A-68F7-F88066D757BE}.Release|Any CPU.ActiveCfg = Release|Any CPU
		{E5964442-6FFA-FB8A-68F7-F88066D757BE}.Release|Any CPU.Build.0 = Release|Any CPU
	EndGlobalSection
	GlobalSection(SolutionProperties) = preSolution
		HideSolutionNode = FALSE
	EndGlobalSection
EndGlobal
